
Microsoft Visual Studio Solution File, Format Version 12.00
# Visual Studio 14
VisualStudioVersion = 14.0.25420.1
MinimumVisualStudioVersion = 10.0.40219.1
Project("{FAE04EC0-301F-11D3-BF4B-00C04F79EFBC}") = "Meccanici", "Meccanici\Meccanici.csproj", "{FFACADF6-4849-493E-BE3A-E20EC6A0AF01}"
EndProject
Project("{FAE04EC0-301F-11D3-BF4B-00C04F79EFBC}") = "Meccanici.Model", "Meccanici.Model\Meccanici.Model.csproj", "{81363E3B-A554-4931-AE6D-2B5E883BBAA6}"
EndProject
Project("{FAE04EC0-301F-11D3-BF4B-00C04F79EFBC}") = "Meccanici.DAL", "Meccanici.DAL\Meccanici.DAL.csproj", "{0A86810D-578A-4CF9-A562-6DB446A05F5B}"
EndProject
Project("{FAE04EC0-301F-11D3-BF4B-00C04F79EFBC}") = "Meccanici.Tests", "Meccanici.Tests\Meccanici.Tests.csproj", "{3F09795F-367A-4F22-A710-400BE5A382B0}"
EndProject
Global
	GlobalSection(SolutionConfigurationPlatforms) = preSolution
		Debug|Any CPU = Debug|Any CPU
		Release|Any CPU = Release|Any CPU
	EndGlobalSection
	GlobalSection(ProjectConfigurationPlatforms) = postSolution
		{FFACADF6-4849-493E-BE3A-E20EC6A0AF01}.Debug|Any CPU.ActiveCfg = Debug|Any CPU
		{FFACADF6-4849-493E-BE3A-E20EC6A0AF01}.Debug|Any CPU.Build.0 = Debug|Any CPU
		{FFACADF6-4849-493E-BE3A-E20EC6A0AF01}.Release|Any CPU.ActiveCfg = Release|Any CPU
		{FFACADF6-4849-493E-BE3A-E20EC6A0AF01}.Release|Any CPU.Build.0 = Release|Any CPU
		{81363E3B-A554-4931-AE6D-2B5E883BBAA6}.Debug|Any CPU.ActiveCfg = Debug|Any CPU
		{81363E3B-A554-4931-AE6D-2B5E883BBAA6}.Debug|Any CPU.Build.0 = Debug|Any CPU
		{81363E3B-A554-4931-AE6D-2B5E883BBAA6}.Release|Any CPU.ActiveCfg = Release|Any CPU
		{81363E3B-A554-4931-AE6D-2B5E883BBAA6}.Release|Any CPU.Build.0 = Release|Any CPU
		{0A86810D-578A-4CF9-A562-6DB446A05F5B}.Debug|Any CPU.ActiveCfg = Debug|Any CPU
		{0A86810D-578A-4CF9-A562-6DB446A05F5B}.Debug|Any CPU.Build.0 = Debug|Any CPU
		{0A86810D-578A-4CF9-A562-6DB446A05F5B}.Release|Any CPU.ActiveCfg = Release|Any CPU
		{0A86810D-578A-4CF9-A562-6DB446A05F5B}.Release|Any CPU.Build.0 = Release|Any CPU
		{3F09795F-367A-4F22-A710-400BE5A382B0}.Debug|Any CPU.ActiveCfg = Debug|Any CPU
		{3F09795F-367A-4F22-A710-400BE5A382B0}.Debug|Any CPU.Build.0 = Debug|Any CPU
		{3F09795F-367A-4F22-A710-400BE5A382B0}.Release|Any CPU.ActiveCfg = Release|Any CPU
		{3F09795F-367A-4F22-A710-400BE5A382B0}.Release|Any CPU.Build.0 = Release|Any CPU
	EndGlobalSection
	GlobalSection(SolutionProperties) = preSolution
		HideSolutionNode = FALSE
	EndGlobalSection
EndGlobal
